
Microsoft Visual Studio Solution File, Format Version 12.00
Project("{2150E333-8FDC-42A3-9474-1A3956D46DE8}") = "root", "root", "{7B169028-0404-4C80-BE5C-ECA3A3E13CD5}"
EndProject
Project("{2150E333-8FDC-42A3-9474-1A3956D46DE8}") = "src", "src", "{D9B008FC-DB3C-4042-B800-3948720D5580}"
EndProject
Project("{2150E333-8FDC-42A3-9474-1A3956D46DE8}") = "tests", "tests", "{FBBCA6F2-FE47-402E-8921-9057DB9FF0B2}"
EndProject
Project("{FAE04EC0-301F-11D3-BF4B-00C04F79EFBC}") = "Aspire.Microservices.App.Host", "src\Aspire.Microservices.App.Host\Aspire.Microservices.App.Host.csproj", "{EBC95945-D30E-4A80-BC0D-0D63FA054356}"
EndProject
Project("{FAE04EC0-301F-11D3-BF4B-00C04F79EFBC}") = "Aspire.Microservices.Service.Defaults", "src\Aspire.Microservices.Service.Defaults\Aspire.Microservices.Service.Defaults.csproj", "{E42C82A7-6253-447D-A1AF-76E25C04EC46}"
EndProject
Project("{FAE04EC0-301F-11D3-BF4B-00C04F79EFBC}") = "Aspire.Microservices.Api.Notes", "src\Aspire.Microservices.Api.Notes\Aspire.Microservices.Api.Notes.csproj", "{7D5E7C8D-2BB7-42FC-B6D4-9B182FDF6134}"
EndProject
Project("{FAE04EC0-301F-11D3-BF4B-00C04F79EFBC}") = "Aspire.Microservices.Api.Tags", "src\Aspire.Microservices.Api.Tags\Aspire.Microservices.Api.Tags.csproj", "{A9541D77-D0DA-4D1E-904E-056A18C3FA89}"
EndProject
Project("{FAE04EC0-301F-11D3-BF4B-00C04F79EFBC}") = "Aspire.Microservices.Contracts", "src\Aspire.Microservices.Contracts\Aspire.Microservices.Contracts.csproj", "{F5C644B5-95A5-451D-A44A-03216BFD6CC8}"
EndProject
Project("{FAE04EC0-301F-11D3-BF4B-00C04F79EFBC}") = "Aspire.Microservices.Domain", "src\Aspire.Microservices.Domain\Aspire.Microservices.Domain.csproj", "{83196CAC-0942-4244-B2C4-80955B4D9D30}"
EndProject
Global
	GlobalSection(SolutionConfigurationPlatforms) = preSolution
		Debug|Any CPU = Debug|Any CPU
		Release|Any CPU = Release|Any CPU
	EndGlobalSection
	GlobalSection(NestedProjects) = preSolution
		{EBC95945-D30E-4A80-BC0D-0D63FA054356} = {D9B008FC-DB3C-4042-B800-3948720D5580}
		{E42C82A7-6253-447D-A1AF-76E25C04EC46} = {D9B008FC-DB3C-4042-B800-3948720D5580}
		{7D5E7C8D-2BB7-42FC-B6D4-9B182FDF6134} = {D9B008FC-DB3C-4042-B800-3948720D5580}
		{A9541D77-D0DA-4D1E-904E-056A18C3FA89} = {D9B008FC-DB3C-4042-B800-3948720D5580}
		{F5C644B5-95A5-451D-A44A-03216BFD6CC8} = {D9B008FC-DB3C-4042-B800-3948720D5580}
		{83196CAC-0942-4244-B2C4-80955B4D9D30} = {D9B008FC-DB3C-4042-B800-3948720D5580}
	EndGlobalSection
	GlobalSection(ProjectConfigurationPlatforms) = postSolution
		{EBC95945-D30E-4A80-BC0D-0D63FA054356}.Debug|Any CPU.ActiveCfg = Debug|Any CPU
		{EBC95945-D30E-4A80-BC0D-0D63FA054356}.Debug|Any CPU.Build.0 = Debug|Any CPU
		{EBC95945-D30E-4A80-BC0D-0D63FA054356}.Release|Any CPU.ActiveCfg = Release|Any CPU
		{EBC95945-D30E-4A80-BC0D-0D63FA054356}.Release|Any CPU.Build.0 = Release|Any CPU
		{E42C82A7-6253-447D-A1AF-76E25C04EC46}.Debug|Any CPU.ActiveCfg = Debug|Any CPU
		{E42C82A7-6253-447D-A1AF-76E25C04EC46}.Debug|Any CPU.Build.0 = Debug|Any CPU
		{E42C82A7-6253-447D-A1AF-76E25C04EC46}.Release|Any CPU.ActiveCfg = Release|Any CPU
		{E42C82A7-6253-447D-A1AF-76E25C04EC46}.Release|Any CPU.Build.0 = Release|Any CPU
		{7D5E7C8D-2BB7-42FC-B6D4-9B182FDF6134}.Debug|Any CPU.ActiveCfg = Debug|Any CPU
		{7D5E7C8D-2BB7-42FC-B6D4-9B182FDF6134}.Debug|Any CPU.Build.0 = Debug|Any CPU
		{7D5E7C8D-2BB7-42FC-B6D4-9B182FDF6134}.Release|Any CPU.ActiveCfg = Release|Any CPU
		{7D5E7C8D-2BB7-42FC-B6D4-9B182FDF6134}.Release|Any CPU.Build.0 = Release|Any CPU
		{A9541D77-D0DA-4D1E-904E-056A18C3FA89}.Debug|Any CPU.ActiveCfg = Debug|Any CPU
		{A9541D77-D0DA-4D1E-904E-056A18C3FA89}.Debug|Any CPU.Build.0 = Debug|Any CPU
		{A9541D77-D0DA-4D1E-904E-056A18C3FA89}.Release|Any CPU.ActiveCfg = Release|Any CPU
		{A9541D77-D0DA-4D1E-904E-056A18C3FA89}.Release|Any CPU.Build.0 = Release|Any CPU
		{F5C644B5-95A5-451D-A44A-03216BFD6CC8}.Debug|Any CPU.ActiveCfg = Debug|Any CPU
		{F5C644B5-95A5-451D-A44A-03216BFD6CC8}.Debug|Any CPU.Build.0 = Debug|Any CPU
		{F5C644B5-95A5-451D-A44A-03216BFD6CC8}.Release|Any CPU.ActiveCfg = Release|Any CPU
		{F5C644B5-95A5-451D-A44A-03216BFD6CC8}.Release|Any CPU.Build.0 = Release|Any CPU
		{83196CAC-0942-4244-B2C4-80955B4D9D30}.Debug|Any CPU.ActiveCfg = Debug|Any CPU
		{83196CAC-0942-4244-B2C4-80955B4D9D30}.Debug|Any CPU.Build.0 = Debug|Any CPU
		{83196CAC-0942-4244-B2C4-80955B4D9D30}.Release|Any CPU.ActiveCfg = Release|Any CPU
		{83196CAC-0942-4244-B2C4-80955B4D9D30}.Release|Any CPU.Build.0 = Release|Any CPU
	EndGlobalSection
EndGlobal
